
Microsoft Visual Studio Solution File, Format Version 12.00
# Visual Studio 14
VisualStudioVersion = 14.0.25420.1
MinimumVisualStudioVersion = 10.0.40219.1
Project("{FAE04EC0-301F-11D3-BF4B-00C04F79EFBC}") = "Indimaret.Model", "Indimaret.Model\Indimaret.Model.csproj", "{0BA932B0-7456-41B5-866F-30023ECB254B}"
EndProject
Project("{FAE04EC0-301F-11D3-BF4B-00C04F79EFBC}") = "Indimaret.ViewModel", "Indimaret.ViewModel\Indimaret.ViewModel.csproj", "{D212E441-14CC-4FC1-86A5-8ADE55314F2A}"
EndProject
Project("{FAE04EC0-301F-11D3-BF4B-00C04F79EFBC}") = "Indimaret.Repo", "Indimaret.Repo\Indimaret.Repo.csproj", "{68B517B1-6C08-403E-BB6C-BD05081D6ACB}"
EndProject
Project("{FAE04EC0-301F-11D3-BF4B-00C04F79EFBC}") = "Indimaret.Web", "Indimaret.Web\Indimaret.Web.csproj", "{7052167A-0D6A-4D66-9E1F-C791B1DACCA8}"
EndProject
Global
	GlobalSection(SolutionConfigurationPlatforms) = preSolution
		Debug|Any CPU = Debug|Any CPU
		Release|Any CPU = Release|Any CPU
	EndGlobalSection
	GlobalSection(ProjectConfigurationPlatforms) = postSolution
		{0BA932B0-7456-41B5-866F-30023ECB254B}.Debug|Any CPU.ActiveCfg = Debug|Any CPU
		{0BA932B0-7456-41B5-866F-30023ECB254B}.Debug|Any CPU.Build.0 = Debug|Any CPU
		{0BA932B0-7456-41B5-866F-30023ECB254B}.Release|Any CPU.ActiveCfg = Release|Any CPU
		{0BA932B0-7456-41B5-866F-30023ECB254B}.Release|Any CPU.Build.0 = Release|Any CPU
		{D212E441-14CC-4FC1-86A5-8ADE55314F2A}.Debug|Any CPU.ActiveCfg = Debug|Any CPU
		{D212E441-14CC-4FC1-86A5-8ADE55314F2A}.Debug|Any CPU.Build.0 = Debug|Any CPU
		{D212E441-14CC-4FC1-86A5-8ADE55314F2A}.Release|Any CPU.ActiveCfg = Release|Any CPU
		{D212E441-14CC-4FC1-86A5-8ADE55314F2A}.Release|Any CPU.Build.0 = Release|Any CPU
		{68B517B1-6C08-403E-BB6C-BD05081D6ACB}.Debug|Any CPU.ActiveCfg = Debug|Any CPU
		{68B517B1-6C08-403E-BB6C-BD05081D6ACB}.Debug|Any CPU.Build.0 = Debug|Any CPU
		{68B517B1-6C08-403E-BB6C-BD05081D6ACB}.Release|Any CPU.ActiveCfg = Release|Any CPU
		{68B517B1-6C08-403E-BB6C-BD05081D6ACB}.Release|Any CPU.Build.0 = Release|Any CPU
		{7052167A-0D6A-4D66-9E1F-C791B1DACCA8}.Debug|Any CPU.ActiveCfg = Debug|Any CPU
		{7052167A-0D6A-4D66-9E1F-C791B1DACCA8}.Debug|Any CPU.Build.0 = Debug|Any CPU
		{7052167A-0D6A-4D66-9E1F-C791B1DACCA8}.Release|Any CPU.ActiveCfg = Release|Any CPU
		{7052167A-0D6A-4D66-9E1F-C791B1DACCA8}.Release|Any CPU.Build.0 = Release|Any CPU
	EndGlobalSection
	GlobalSection(SolutionProperties) = preSolution
		HideSolutionNode = FALSE
	EndGlobalSection
EndGlobal
